Microsoft Visual Studio Solution File, Format Version 12.00
# Visual Studio 2012
Project("{FAE04EC0-301F-11D3-BF4B-00C04F79EFBC}") = "Carbon Rush", "Carbon Rush.csproj", "{A26F97D5-EC24-40AA-9842-D9A8CF4669BE}"
EndProject
Global
	GlobalSection(SolutionConfigurationPlatforms) = preSolution
	Debug|Any CPU = Debug|Any CPU
	ExportDebug|Any CPU = ExportDebug|Any CPU
	ExportRelease|Any CPU = ExportRelease|Any CPU
	EndGlobalSection
	GlobalSection(ProjectConfigurationPlatforms) = postSolution
		{A26F97D5-EC24-40AA-9842-D9A8CF4669BE}.Debug|Any CPU.ActiveCfg = Debug|Any CPU
		{A26F97D5-EC24-40AA-9842-D9A8CF4669BE}.Debug|Any CPU.Build.0 = Debug|Any CPU
		{A26F97D5-EC24-40AA-9842-D9A8CF4669BE}.ExportDebug|Any CPU.ActiveCfg = ExportDebug|Any CPU
		{A26F97D5-EC24-40AA-9842-D9A8CF4669BE}.ExportDebug|Any CPU.Build.0 = ExportDebug|Any CPU
		{A26F97D5-EC24-40AA-9842-D9A8CF4669BE}.ExportRelease|Any CPU.ActiveCfg = ExportRelease|Any CPU
		{A26F97D5-EC24-40AA-9842-D9A8CF4669BE}.ExportRelease|Any CPU.Build.0 = ExportRelease|Any CPU
	EndGlobalSection
EndGlobal
